// !$*UTF8*$!
{
	archiveVersion = 1;
	classes = {
	};
	objectVersion = 55;
	objects = {

/* Begin PBXBuildFile section */
		7A66D7A628D81B350039E385 /* View.swift in Sources */ = {isa = PBXBuildFile; fileRef = 7A66D7A528D81B350039E385 /* View.swift */; };
		7AC7D4D728D7652F00EF55F3 /* MainView.swift in Sources */ = {isa = PBXBuildFile; fileRef = 7AC7D4D628D7652F00EF55F3 /* MainView.swift */; };
		7AC7D4D928D795B100EF55F3 /* PromiseEmptyView.swift in Sources */ = {isa = PBXBuildFile; fileRef = 7AC7D4D828D795B100EF55F3 /* PromiseEmptyView.swift */; };
		7AC7D4DB28D795FC00EF55F3 /* PromiseListView.swift in Sources */ = {isa = PBXBuildFile; fileRef = 7AC7D4DA28D795FC00EF55F3 /* PromiseListView.swift */; };
		7AC7D4DD28D7967E00EF55F3 /* ListComponent.swift in Sources */ = {isa = PBXBuildFile; fileRef = 7AC7D4DC28D7967E00EF55F3 /* ListComponent.swift */; };
		89D1639728D736040079A697 /* MAROApp.swift in Sources */ = {isa = PBXBuildFile; fileRef = 89D1639628D736040079A697 /* MAROApp.swift */; };
		89D1639928D736040079A697 /* ContentView.swift in Sources */ = {isa = PBXBuildFile; fileRef = 89D1639828D736040079A697 /* ContentView.swift */; };
		89D1639B28D736070079A697 /* Assets.xcassets in Resources */ = {isa = PBXBuildFile; fileRef = 89D1639A28D736070079A697 /* Assets.xcassets */; };
		89D1639E28D736070079A697 /* Preview Assets.xcassets in Resources */ = {isa = PBXBuildFile; fileRef = 89D1639D28D736070079A697 /* Preview Assets.xcassets */; };
		89D163A628D736290079A697 /* SampleView.swift in Sources */ = {isa = PBXBuildFile; fileRef = 89D163A528D736290079A697 /* SampleView.swift */; };
		89D163A928D736360079A697 /* SampleViewModel.swift in Sources */ = {isa = PBXBuildFile; fileRef = 89D163A828D736360079A697 /* SampleViewModel.swift */; };
		89D163AC28D736450079A697 /* SampleModel.swift in Sources */ = {isa = PBXBuildFile; fileRef = 89D163AB28D736450079A697 /* SampleModel.swift */; };
		89D163AF28D7365D0079A697 /* SampleExtension.swift in Sources */ = {isa = PBXBuildFile; fileRef = 89D163AE28D7365D0079A697 /* SampleExtension.swift */; };
/* End PBXBuildFile section */

/* Begin PBXFileReference section */
		7A66D7A528D81B350039E385 /* View.swift */ = {isa = PBXFileReference; lastKnownFileType = sourcecode.swift; path = View.swift; sourceTree = "<group>"; };
		7AC7D4D628D7652F00EF55F3 /* MainView.swift */ = {isa = PBXFileReference; lastKnownFileType = sourcecode.swift; path = MainView.swift; sourceTree = "<group>"; };
		7AC7D4D828D795B100EF55F3 /* PromiseEmptyView.swift */ = {isa = PBXFileReference; lastKnownFileType = sourcecode.swift; path = PromiseEmptyView.swift; sourceTree = "<group>"; };
		7AC7D4DA28D795FC00EF55F3 /* PromiseListView.swift */ = {isa = PBXFileReference; lastKnownFileType = sourcecode.swift; path = PromiseListView.swift; sourceTree = "<group>"; };
		7AC7D4DC28D7967E00EF55F3 /* ListComponent.swift */ = {isa = PBXFileReference; lastKnownFileType = sourcecode.swift; path = ListComponent.swift; sourceTree = "<group>"; };
		89D1639328D736040079A697 /* MARO.app */ = {isa = PBXFileReference; explicitFileType = wrapper.application; includeInIndex = 0; path = MARO.app; sourceTree = BUILT_PRODUCTS_DIR; };
		89D1639628D736040079A697 /* MAROApp.swift */ = {isa = PBXFileReference; lastKnownFileType = sourcecode.swift; path = MAROApp.swift; sourceTree = "<group>"; };
		89D1639828D736040079A697 /* ContentView.swift */ = {isa = PBXFileReference; lastKnownFileType = sourcecode.swift; path = ContentView.swift; sourceTree = "<group>"; };
		89D1639A28D736070079A697 /* Assets.xcassets */ = {isa = PBXFileReference; lastKnownFileType = folder.assetcatalog; path = Assets.xcassets; sourceTree = "<group>"; };
		89D1639D28D736070079A697 /* Preview Assets.xcassets */ = {isa = PBXFileReference; lastKnownFileType = folder.assetcatalog; path = "Preview Assets.xcassets"; sourceTree = "<group>"; };
		89D163A528D736290079A697 /* SampleView.swift */ = {isa = PBXFileReference; lastKnownFileType = sourcecode.swift; path = SampleView.swift; sourceTree = "<group>"; };
		89D163A828D736360079A697 /* SampleViewModel.swift */ = {isa = PBXFileReference; lastKnownFileType = sourcecode.swift; path = SampleViewModel.swift; sourceTree = "<group>"; };
		89D163AB28D736450079A697 /* SampleModel.swift */ = {isa = PBXFileReference; lastKnownFileType = sourcecode.swift; path = SampleModel.swift; sourceTree = "<group>"; };
		89D163AE28D7365D0079A697 /* SampleExtension.swift */ = {isa = PBXFileReference; lastKnownFileType = sourcecode.swift; path = SampleExtension.swift; sourceTree = "<group>"; };
/* End PBXFileReference section */

/* Begin PBXFrameworksBuildPhase section */
		89D1639028D736040079A697 /* Frameworks */ = {
			isa = PBXFrameworksBuildPhase;
			buildActionMask = 2147483647;
			files = (
			);
			runOnlyForDeploymentPostprocessing = 0;
		};
/* End PBXFrameworksBuildPhase section */

/* Begin PBXGroup section */
		89D1638A28D736040079A697 = {
			isa = PBXGroup;
			children = (
				89D1639528D736040079A697 /* MARO */,
				89D1639428D736040079A697 /* Products */,
			);
			sourceTree = "<group>";
		};
		89D1639428D736040079A697 /* Products */ = {
			isa = PBXGroup;
			children = (
				89D1639328D736040079A697 /* MARO.app */,
			);
			name = Products;
			sourceTree = "<group>";
		};
		89D1639528D736040079A697 /* MARO */ = {
			isa = PBXGroup;
			children = (
				89D163AD28D736530079A697 /* Extension */,
				89D163AA28D7363C0079A697 /* Model */,
				89D163A728D7362C0079A697 /* ViewModel */,
				89D163A428D7361E0079A697 /* View */,
				89D1639828D736040079A697 /* ContentView.swift */,
				89D1639628D736040079A697 /* MAROApp.swift */,
				89D1639A28D736070079A697 /* Assets.xcassets */,
				89D1639C28D736070079A697 /* Preview Content */,
			);
			path = MARO;
			sourceTree = "<group>";
		};
		89D1639C28D736070079A697 /* Preview Content */ = {
			isa = PBXGroup;
			children = (
				89D1639D28D736070079A697 /* Preview Assets.xcassets */,
			);
			path = "Preview Content";
			sourceTree = "<group>";
		};
		89D163A428D7361E0079A697 /* View */ = {
			isa = PBXGroup;
			children = (
				89D163A528D736290079A697 /* SampleView.swift */,
				7AC7D4D628D7652F00EF55F3 /* MainView.swift */,
				7AC7D4D828D795B100EF55F3 /* PromiseEmptyView.swift */,
				7AC7D4DA28D795FC00EF55F3 /* PromiseListView.swift */,
				7AC7D4DC28D7967E00EF55F3 /* ListComponent.swift */,
			);
			path = View;
			sourceTree = "<group>";
		};
		89D163A728D7362C0079A697 /* ViewModel */ = {
			isa = PBXGroup;
			children = (
				89D163A828D736360079A697 /* SampleViewModel.swift */,
			);
			path = ViewModel;
			sourceTree = "<group>";
		};
		89D163AA28D7363C0079A697 /* Model */ = {
			isa = PBXGroup;
			children = (
				89D163AB28D736450079A697 /* SampleModel.swift */,
			);
			path = Model;
			sourceTree = "<group>";
		};
		89D163AD28D736530079A697 /* Extension */ = {
			isa = PBXGroup;
			children = (
				89D163AE28D7365D0079A697 /* SampleExtension.swift */,
				7A66D7A528D81B350039E385 /* View.swift */,
			);
			path = Extension;
			sourceTree = "<group>";
		};
/* End PBXGroup section */

/* Begin PBXNativeTarget section */
		89D1639228D736040079A697 /* MARO */ = {
			isa = PBXNativeTarget;
			buildConfigurationList = 89D163A128D736070079A697 /* Build configuration list for PBXNativeTarget "MARO" */;
			buildPhases = (
				89D1638F28D736040079A697 /* Sources */,
				89D1639028D736040079A697 /* Frameworks */,
				89D1639128D736040079A697 /* Resources */,
			);
			buildRules = (
			);
			dependencies = (
			);
			name = MARO;
			productName = MARO;
			productReference = 89D1639328D736040079A697 /* MARO.app */;
			productType = "com.apple.product-type.application";
		};
/* End PBXNativeTarget section */

/* Begin PBXProject section */
		89D1638B28D736040079A697 /* Project object */ = {
			isa = PBXProject;
			attributes = {
				BuildIndependentTargetsInParallel = 1;
				LastSwiftUpdateCheck = 1340;
				LastUpgradeCheck = 1340;
				TargetAttributes = {
					89D1639228D736040079A697 = {
						CreatedOnToolsVersion = 13.4.1;
					};
				};
			};
			buildConfigurationList = 89D1638E28D736040079A697 /* Build configuration list for PBXProject "MARO" */;
			compatibilityVersion = "Xcode 13.0";
			developmentRegion = en;
			hasScannedForEncodings = 0;
			knownRegions = (
				en,
				Base,
			);
			mainGroup = 89D1638A28D736040079A697;
			productRefGroup = 89D1639428D736040079A697 /* Products */;
			projectDirPath = "";
			projectRoot = "";
			targets = (
				89D1639228D736040079A697 /* MARO */,
			);
		};
/* End PBXProject section */

/* Begin PBXResourcesBuildPhase section */
		89D1639128D736040079A697 /* Resources */ = {
			isa = PBXResourcesBuildPhase;
			buildActionMask = 2147483647;
			files = (
				89D1639E28D736070079A697 /* Preview Assets.xcassets in Resources */,
				89D1639B28D736070079A697 /* Assets.xcassets in Resources */,
			);
			runOnlyForDeploymentPostprocessing = 0;
		};
/* End PBXResourcesBuildPhase section */

/* Begin PBXSourcesBuildPhase section */
		89D1638F28D736040079A697 /* Sources */ = {
			isa = PBXSourcesBuildPhase;
			buildActionMask = 2147483647;
			files = (
				89D1639928D736040079A697 /* ContentView.swift in Sources */,
				7AC7D4D728D7652F00EF55F3 /* MainView.swift in Sources */,
				7AC7D4D928D795B100EF55F3 /* PromiseEmptyView.swift in Sources */,
				7AC7D4DD28D7967E00EF55F3 /* ListComponent.swift in Sources */,
				89D163AC28D736450079A697 /* SampleModel.swift in Sources */,
				89D163A628D736290079A697 /* SampleView.swift in Sources */,
				89D163AF28D7365D0079A697 /* SampleExtension.swift in Sources */,
				89D163A928D736360079A697 /* SampleViewModel.swift in Sources */,
				89D1639728D736040079A697 /* MAROApp.swift in Sources */,
				7A66D7A628D81B350039E385 /* View.swift in Sources */,
				7AC7D4DB28D795FC00EF55F3 /* PromiseListView.swift in Sources */,
			);
			runOnlyForDeploymentPostprocessing = 0;
		};
/* End PBXSourcesBuildPhase section */

/* Begin XCBuildConfiguration section */
		89D1639F28D736070079A697 /* Debug */ = {
			isa = XCBuildConfiguration;
			buildSettings = {
				ALWAYS_SEARCH_USER_PATHS = NO;
				CLANG_ANALYZER_NONNULL = YES;
				CLANG_ANALYZER_NUMBER_OBJECT_CONVERSION = YES_AGGRESSIVE;
				CLANG_CXX_LANGUAGE_STANDARD = "gnu++17";
				CLANG_ENABLE_MODULES = YES;
				CLANG_ENABLE_OBJC_ARC = YES;
				CLANG_ENABLE_OBJC_WEAK = YES;
				CLANG_WARN_BLOCK_CAPTURE_AUTORELEASING = YES;
				CLANG_WARN_BOOL_CONVERSION = YES;
				CLANG_WARN_COMMA = YES;
				CLANG_WARN_CONSTANT_CONVERSION = YES;
				CLANG_WARN_DEPRECATED_OBJC_IMPLEMENTATIONS = YES;
				CLANG_WARN_DIRECT_OBJC_ISA_USAGE = YES_ERROR;
				CLANG_WARN_DOCUMENTATION_COMMENTS = YES;
				CLANG_WARN_EMPTY_BODY = YES;
				CLANG_WARN_ENUM_CONVERSION = YES;
				CLANG_WARN_INFINITE_RECURSION = YES;
				CLANG_WARN_INT_CONVERSION = YES;
				CLANG_WARN_NON_LITERAL_NULL_CONVERSION = YES;
				CLANG_WARN_OBJC_IMPLICIT_RETAIN_SELF = YES;
				CLANG_WARN_OBJC_LITERAL_CONVERSION = YES;
				CLANG_WARN_OBJC_ROOT_CLASS = YES_ERROR;
				CLANG_WARN_QUOTED_INCLUDE_IN_FRAMEWORK_HEADER = YES;
				CLANG_WARN_RANGE_LOOP_ANALYSIS = YES;
				CLANG_WARN_STRICT_PROTOTYPES = YES;
				CLANG_WARN_SUSPICIOUS_MOVE = YES;
				CLANG_WARN_UNGUARDED_AVAILABILITY = YES_AGGRESSIVE;
				CLANG_WARN_UNREACHABLE_CODE = YES;
				CLANG_WARN__DUPLICATE_METHOD_MATCH = YES;
				COPY_PHASE_STRIP = NO;
				DEBUG_INFORMATION_FORMAT = dwarf;
				ENABLE_STRICT_OBJC_MSGSEND = YES;
				ENABLE_TESTABILITY = YES;
				GCC_C_LANGUAGE_STANDARD = gnu11;
				GCC_DYNAMIC_NO_PIC = NO;
				GCC_NO_COMMON_BLOCKS = YES;
				GCC_OPTIMIZATION_LEVEL = 0;
				GCC_PREPROCESSOR_DEFINITIONS = (
					"DEBUG=1",
					"$(inherited)",
				);
				GCC_WARN_64_TO_32_BIT_CONVERSION = YES;
				GCC_WARN_ABOUT_RETURN_TYPE = YES_ERROR;
				GCC_WARN_UNDECLARED_SELECTOR = YES;
				GCC_WARN_UNINITIALIZED_AUTOS = YES_AGGRESSIVE;
				GCC_WARN_UNUSED_FUNCTION = YES;
				GCC_WARN_UNUSED_VARIABLE = YES;
				IPHONEOS_DEPLOYMENT_TARGET = 15.5;
				MTL_ENABLE_DEBUG_INFO = INCLUDE_SOURCE;
				MTL_FAST_MATH = YES;
				ONLY_ACTIVE_ARCH = YES;
				SDKROOT = iphoneos;
				SWIFT_ACTIVE_COMPILATION_CONDITIONS = DEBUG;
				SWIFT_OPTIMIZATION_LEVEL = "-Onone";
			};
			name = Debug;
		};
		89D163A028D736070079A697 /* Release */ = {
			isa = XCBuildConfiguration;
			buildSettings = {
				ALWAYS_SEARCH_USER_PATHS = NO;
				CLANG_ANALYZER_NONNULL = YES;
				CLANG_ANALYZER_NUMBER_OBJECT_CONVERSION = YES_AGGRESSIVE;
				CLANG_CXX_LANGUAGE_STANDARD = "gnu++17";
				CLANG_ENABLE_MODULES = YES;
				CLANG_ENABLE_OBJC_ARC = YES;
				CLANG_ENABLE_OBJC_WEAK = YES;
				CLANG_WARN_BLOCK_CAPTURE_AUTORELEASING = YES;
				CLANG_WARN_BOOL_CONVERSION = YES;
				CLANG_WARN_COMMA = YES;
				CLANG_WARN_CONSTANT_CONVERSION = YES;
				CLANG_WARN_DEPRECATED_OBJC_IMPLEMENTATIONS = YES;
				CLANG_WARN_DIRECT_OBJC_ISA_USAGE = YES_ERROR;
				CLANG_WARN_DOCUMENTATION_COMMENTS = YES;
				CLANG_WARN_EMPTY_BODY = YES;
				CLANG_WARN_ENUM_CONVERSION = YES;
				CLANG_WARN_INFINITE_RECURSION = YES;
				CLANG_WARN_INT_CONVERSION = YES;
				CLANG_WARN_NON_LITERAL_NULL_CONVERSION = YES;
				CLANG_WARN_OBJC_IMPLICIT_RETAIN_SELF = YES;
				CLANG_WARN_OBJC_LITERAL_CONVERSION = YES;
				CLANG_WARN_OBJC_ROOT_CLASS = YES_ERROR;
				CLANG_WARN_QUOTED_INCLUDE_IN_FRAMEWORK_HEADER = YES;
				CLANG_WARN_RANGE_LOOP_ANALYSIS = YES;
				CLANG_WARN_STRICT_PROTOTYPES = YES;
				CLANG_WARN_SUSPICIOUS_MOVE = YES;
				CLANG_WARN_UNGUARDED_AVAILABILITY = YES_AGGRESSIVE;
				CLANG_WARN_UNREACHABLE_CODE = YES;
				CLANG_WARN__DUPLICATE_METHOD_MATCH = YES;
				COPY_PHASE_STRIP = NO;
				DEBUG_INFORMATION_FORMAT = "dwarf-with-dsym";
				ENABLE_NS_ASSERTIONS = NO;
				ENABLE_STRICT_OBJC_MSGSEND = YES;
				GCC_C_LANGUAGE_STANDARD = gnu11;
				GCC_NO_COMMON_BLOCKS = YES;
				GCC_WARN_64_TO_32_BIT_CONVERSION = YES;
				GCC_WARN_ABOUT_RETURN_TYPE = YES_ERROR;
				GCC_WARN_UNDECLARED_SELECTOR = YES;
				GCC_WARN_UNINITIALIZED_AUTOS = YES_AGGRESSIVE;
				GCC_WARN_UNUSED_FUNCTION = YES;
				GCC_WARN_UNUSED_VARIABLE = YES;
				IPHONEOS_DEPLOYMENT_TARGET = 15.5;
				MTL_ENABLE_DEBUG_INFO = NO;
				MTL_FAST_MATH = YES;
				SDKROOT = iphoneos;
				SWIFT_COMPILATION_MODE = wholemodule;
				SWIFT_OPTIMIZATION_LEVEL = "-O";
				VALIDATE_PRODUCT = YES;
			};
			name = Release;
		};
		89D163A228D736070079A697 /* Debug */ = {
			isa = XCBuildConfiguration;
			buildSettings = {
				ASSETCATALOG_COMPILER_APPICON_NAME = AppIcon;
				ASSETCATALOG_COMPILER_GLOBAL_ACCENT_COLOR_NAME = AccentColor;
				CODE_SIGN_STYLE = Automatic;
				CURRENT_PROJECT_VERSION = 1;
				DEVELOPMENT_ASSET_PATHS = "\"MARO/Preview Content\"";
				DEVELOPMENT_TEAM = DL9N9GFVMW;
				ENABLE_PREVIEWS = YES;
				GENERATE_INFOPLIST_FILE = YES;
				INFOPLIST_KEY_UIApplicationSceneManifest_Generation = YES;
				INFOPLIST_KEY_UIApplicationSupportsIndirectInputEvents = YES;
				INFOPLIST_KEY_UILaunchScreen_Generation = YES;
				INFOPLIST_KEY_UISupportedInterfaceOrientations_iPad = "UIInterfaceOrientationPortrait UIInterfaceOrientationPortraitUpsideDown UIInterfaceOrientationLandscapeLeft UIInterfaceOrientationLandscapeRight";
				INFOPLIST_KEY_UISupportedInterfaceOrientations_iPhone = "UIInterfaceOrientationPortrait UIInterfaceOrientationLandscapeLeft UIInterfaceOrientationLandscapeRight";
				LD_RUNPATH_SEARCH_PATHS = (
					"$(inherited)",
					"@executable_path/Frameworks",
				);
				MARKETING_VERSION = 1.0;
				PRODUCT_BUNDLE_IDENTIFIER = com.theo.MARO;
				PRODUCT_NAME = "$(TARGET_NAME)";
				SWIFT_EMIT_LOC_STRINGS = YES;
				SWIFT_VERSION = 5.0;
				TARGETED_DEVICE_FAMILY = "1,2";
			};
			name = Debug;
		};
		89D163A328D736070079A697 /* Release */ = {
			isa = XCBuildConfiguration;
			buildSettings = {
				ASSETCATALOG_COMPILER_APPICON_NAME = AppIcon;
				ASSETCATALOG_COMPILER_GLOBAL_ACCENT_COLOR_NAME = AccentColor;
				CODE_SIGN_STYLE = Automatic;
				CURRENT_PROJECT_VERSION = 1;
				DEVELOPMENT_ASSET_PATHS = "\"MARO/Preview Content\"";
				DEVELOPMENT_TEAM = DL9N9GFVMW;
				ENABLE_PREVIEWS = YES;
				GENERATE_INFOPLIST_FILE = YES;
				INFOPLIST_KEY_UIApplicationSceneManifest_Generation = YES;
				INFOPLIST_KEY_UIApplicationSupportsIndirectInputEvents = YES;
				INFOPLIST_KEY_UILaunchScreen_Generation = YES;
				INFOPLIST_KEY_UISupportedInterfaceOrientations_iPad = "UIInterfaceOrientationPortrait UIInterfaceOrientationPortraitUpsideDown UIInterfaceOrientationLandscapeLeft UIInterfaceOrientationLandscapeRight";
				INFOPLIST_KEY_UISupportedInterfaceOrientations_iPhone = "UIInterfaceOrientationPortrait UIInterfaceOrientationLandscapeLeft UIInterfaceOrientationLandscapeRight";
				LD_RUNPATH_SEARCH_PATHS = (
					"$(inherited)",
					"@executable_path/Frameworks",
				);
				MARKETING_VERSION = 1.0;
				PRODUCT_BUNDLE_IDENTIFIER = com.theo.MARO;
				PRODUCT_NAME = "$(TARGET_NAME)";
				SWIFT_EMIT_LOC_STRINGS = YES;
				SWIFT_VERSION = 5.0;
				TARGETED_DEVICE_FAMILY = "1,2";
			};
			name = Release;
		};
/* End XCBuildConfiguration section */

/* Begin XCConfigurationList section */
		89D1638E28D736040079A697 /* Build configuration list for PBXProject "MARO" */ = {
			isa = XCConfigurationList;
			buildConfigurations = (
				89D1639F28D736070079A697 /* Debug */,
				89D163A028D736070079A697 /* Release */,
			);
			defaultConfigurationIsVisible = 0;
			defaultConfigurationName = Release;
		};
		89D163A128D736070079A697 /* Build configuration list for PBXNativeTarget "MARO" */ = {
			isa = XCConfigurationList;
			buildConfigurations = (
				89D163A228D736070079A697 /* Debug */,
				89D163A328D736070079A697 /* Release */,
			);
			defaultConfigurationIsVisible = 0;
			defaultConfigurationName = Release;
		};
/* End XCConfigurationList section */
	};
	rootObject = 89D1638B28D736040079A697 /* Project object */;
}
